
Microsoft Visual Studio Solution File, Format Version 12.00
# Visual Studio Version 17
VisualStudioVersion = 17.3.32825.248
MinimumVisualStudioVersion = 10.0.40219.1
Project("{9A19103F-16F7-4668-BE54-9A1E7A4F7556}") = "MermaidCraftsFE.Server", "MermaidCraftsFE\Server\MermaidCraftsFE.Server.csproj", "{4637C0E3-122A-471A-9A27-036101083006}"
EndProject
Project("{9A19103F-16F7-4668-BE54-9A1E7A4F7556}") = "MermaidCraftsFE.Client", "MermaidCraftsFE\Client\MermaidCraftsFE.Client.csproj", "{74601227-9D23-4A53-9198-E72B6E6FA1B9}"
EndProject
Project("{9A19103F-16F7-4668-BE54-9A1E7A4F7556}") = "MermaidCraftsFE.Shared", "MermaidCraftsFE\Shared\MermaidCraftsFE.Shared.csproj", "{41E51275-5443-4336-9667-286D9F3A25F9}"
EndProject
Global
	GlobalSection(SolutionConfigurationPlatforms) = preSolution
		Debug|Any CPU = Debug|Any CPU
		Release|Any CPU = Release|Any CPU
	EndGlobalSection
	GlobalSection(ProjectConfigurationPlatforms) = postSolution
		{4637C0E3-122A-471A-9A27-036101083006}.Debug|Any CPU.ActiveCfg = Debug|Any CPU
		{4637C0E3-122A-471A-9A27-036101083006}.Debug|Any CPU.Build.0 = Debug|Any CPU
		{4637C0E3-122A-471A-9A27-036101083006}.Release|Any CPU.ActiveCfg = Release|Any CPU
		{4637C0E3-122A-471A-9A27-036101083006}.Release|Any CPU.Build.0 = Release|Any CPU
		{74601227-9D23-4A53-9198-E72B6E6FA1B9}.Debug|Any CPU.ActiveCfg = Debug|Any CPU
		{74601227-9D23-4A53-9198-E72B6E6FA1B9}.Debug|Any CPU.Build.0 = Debug|Any CPU
		{74601227-9D23-4A53-9198-E72B6E6FA1B9}.Release|Any CPU.ActiveCfg = Release|Any CPU
		{74601227-9D23-4A53-9198-E72B6E6FA1B9}.Release|Any CPU.Build.0 = Release|Any CPU
		{41E51275-5443-4336-9667-286D9F3A25F9}.Debug|Any CPU.ActiveCfg = Debug|Any CPU
		{41E51275-5443-4336-9667-286D9F3A25F9}.Debug|Any CPU.Build.0 = Debug|Any CPU
		{41E51275-5443-4336-9667-286D9F3A25F9}.Release|Any CPU.ActiveCfg = Release|Any CPU
		{41E51275-5443-4336-9667-286D9F3A25F9}.Release|Any CPU.Build.0 = Release|Any CPU
	EndGlobalSection
	GlobalSection(SolutionProperties) = preSolution
		HideSolutionNode = FALSE
	EndGlobalSection
	GlobalSection(ExtensibilityGlobals) = postSolution
		SolutionGuid = {BDFAD1F3-2B6C-407F-8A94-5BA1B47FE632}
	EndGlobalSection
EndGlobal
